
Microsoft Visual Studio Solution File, Format Version 12.00
# Visual Studio Version 17
VisualStudioVersion = 17.5.33516.290
MinimumVisualStudioVersion = 10.0.40219.1
Project("{FAE04EC0-301F-11D3-BF4B-00C04F79EFBC}") = "Task01", "Task01\Task01.csproj", "{D18785DA-B18C-4D11-8860-BE66E530D521}"
EndProject
Project("{FAE04EC0-301F-11D3-BF4B-00C04F79EFBC}") = "Task02", "Task02\Task02.csproj", "{89B178B9-EB12-47B8-8896-B36DBA89E5B5}"
EndProject
Global
	GlobalSection(SolutionConfigurationPlatforms) = preSolution
		Debug|Any CPU = Debug|Any CPU
		Release|Any CPU = Release|Any CPU
	EndGlobalSection
	GlobalSection(ProjectConfigurationPlatforms) = postSolution
		{D18785DA-B18C-4D11-8860-BE66E530D521}.Debug|Any CPU.ActiveCfg = Debug|Any CPU
		{D18785DA-B18C-4D11-8860-BE66E530D521}.Debug|Any CPU.Build.0 = Debug|Any CPU
		{D18785DA-B18C-4D11-8860-BE66E530D521}.Release|Any CPU.ActiveCfg = Release|Any CPU
		{D18785DA-B18C-4D11-8860-BE66E530D521}.Release|Any CPU.Build.0 = Release|Any CPU
		{89B178B9-EB12-47B8-8896-B36DBA89E5B5}.Debug|Any CPU.ActiveCfg = Debug|Any CPU
		{89B178B9-EB12-47B8-8896-B36DBA89E5B5}.Debug|Any CPU.Build.0 = Debug|Any CPU
		{89B178B9-EB12-47B8-8896-B36DBA89E5B5}.Release|Any CPU.ActiveCfg = Release|Any CPU
		{89B178B9-EB12-47B8-8896-B36DBA89E5B5}.Release|Any CPU.Build.0 = Release|Any CPU
	EndGlobalSection
	GlobalSection(SolutionProperties) = preSolution
		HideSolutionNode = FALSE
	EndGlobalSection
	GlobalSection(ExtensibilityGlobals) = postSolution
		SolutionGuid = {BAC9793E-62D6-49A9-9A35-E43699258D6A}
	EndGlobalSection
EndGlobal
